
Microsoft Visual Studio Solution File, Format Version 12.00
# Visual Studio Version 16
VisualStudioVersion = 16.0.35229.62
MinimumVisualStudioVersion = 10.0.40219.1
Project("{FAE04EC0-301F-11D3-BF4B-00C04F79EFBC}") = "assignment3-1", "assignment3-1.csproj", "{BF07FDB7-E09C-48F6-8575-7E7CC216E989}"
EndProject
Global
	GlobalSection(SolutionConfigurationPlatforms) = preSolution
		Debug|Any CPU = Debug|Any CPU
		Release|Any CPU = Release|Any CPU
	EndGlobalSection
	GlobalSection(ProjectConfigurationPlatforms) = postSolution
		{BF07FDB7-E09C-48F6-8575-7E7CC216E989}.Debug|Any CPU.ActiveCfg = Debug|Any CPU
		{BF07FDB7-E09C-48F6-8575-7E7CC216E989}.Debug|Any CPU.Build.0 = Debug|Any CPU
		{BF07FDB7-E09C-48F6-8575-7E7CC216E989}.Release|Any CPU.ActiveCfg = Release|Any CPU
		{BF07FDB7-E09C-48F6-8575-7E7CC216E989}.Release|Any CPU.Build.0 = Release|Any CPU
	EndGlobalSection
	GlobalSection(SolutionProperties) = preSolution
		HideSolutionNode = FALSE
	EndGlobalSection
	GlobalSection(ExtensibilityGlobals) = postSolution
		SolutionGuid = {1DE6D6A5-08B5-4765-92C0-1953FB0D5FDB}
	EndGlobalSection
EndGlobal
